
Microsoft Visual Studio Solution File, Format Version 12.00
# Visual Studio 2012
Project("{FAE04EC0-301F-11D3-BF4B-00C04F79EFBC}") = "vt14-2-1-galleriet", "vt14-2-1-galleriet\vt14-2-1-galleriet.csproj", "{D8280A9D-0212-49BA-B15A-9288C0F5075B}"
EndProject
Global
	GlobalSection(SolutionConfigurationPlatforms) = preSolution
		Debug|Any CPU = Debug|Any CPU
		Release|Any CPU = Release|Any CPU
	EndGlobalSection
	GlobalSection(ProjectConfigurationPlatforms) = postSolution
		{D8280A9D-0212-49BA-B15A-9288C0F5075B}.Debug|Any CPU.ActiveCfg = Debug|Any CPU
		{D8280A9D-0212-49BA-B15A-9288C0F5075B}.Debug|Any CPU.Build.0 = Debug|Any CPU
		{D8280A9D-0212-49BA-B15A-9288C0F5075B}.Release|Any CPU.ActiveCfg = Release|Any CPU
		{D8280A9D-0212-49BA-B15A-9288C0F5075B}.Release|Any CPU.Build.0 = Release|Any CPU
	EndGlobalSection
	GlobalSection(SolutionProperties) = preSolution
		HideSolutionNode = FALSE
	EndGlobalSection
EndGlobal
